
Microsoft Visual Studio Solution File, Format Version 12.00
#
Project("{FAE04EC0-301F-11D3-BF4B-00C04F79EFBC}") = "TwoSum_1_Solution", "TwoSum_1_Solution\TwoSum_1_Solution.csproj", "{187F0F30-5E1C-43D1-80BA-9C27D6D93680}"
EndProject
Project("{2150E333-8FDC-42A3-9474-1A3956D46DE8}") = "TwoSum_1", "TwoSum_1", "{FAD51B0A-B936-4F76-9C48-506DE7CC7062}"
EndProject
Project("{FAE04EC0-301F-11D3-BF4B-00C04F79EFBC}") = "TwoSum_1_Benchmark", "TwoSum_1_Benchmark\TwoSum_1_Benchmark.csproj", "{850CC10A-323F-4AE9-BE53-C9995E734C48}"
EndProject
Project("{2150E333-8FDC-42A3-9474-1A3956D46DE8}") = "GoalParserInterpretation_1678", "GoalParserInterpretation_1678", "{717A663A-A4FA-49ED-915F-781DADBF3E4A}"
EndProject
Project("{FAE04EC0-301F-11D3-BF4B-00C04F79EFBC}") = "GoalParserInterpretation_1678_Solution", "GoalParserInterpretation_1678_Solution\GoalParserInterpretation_1678_Solution.csproj", "{2A51FA9F-A12A-4A08-838C-5BE7827A30BE}"
EndProject
Project("{FAE04EC0-301F-11D3-BF4B-00C04F79EFBC}") = "GoalParserInterpretation_1678_Benchmark", "GoalParserInterpretation_1678_Benchmark\GoalParserInterpretation_1678_Benchmark.csproj", "{181C29FA-B34B-4C33-BC32-AFFE1341AF2B}"
EndProject
Project("{2150E333-8FDC-42A3-9474-1A3956D46DE8}") = "Common", "Common", "{698C0EA2-4CA7-44CC-AB33-B5A456CF0BE4}"
EndProject
Project("{FAE04EC0-301F-11D3-BF4B-00C04F79EFBC}") = "SolutionHelper", "SolutionHelper\SolutionHelper.csproj", "{48D1EF4E-6068-4585-A8CC-5DD5D86EA319}"
EndProject
Project("{2150E333-8FDC-42A3-9474-1A3956D46DE8}") = "LongestSubstringWithoutRepeatingCharacters_3", "LongestSubstringWithoutRepeatingCharacters_3", "{2186DC7D-753B-426A-87E5-A9AFBC95E1CD}"
EndProject
Project("{FAE04EC0-301F-11D3-BF4B-00C04F79EFBC}") = "LongestSubstringWithoutRepeatingCharacters_3_Solution", "LongestSubstringWithoutRepeatingCharacters_3_Solution\LongestSubstringWithoutRepeatingCharacters_3_Solution.csproj", "{AC22DD07-E885-4B2D-9B79-992C2019633C}"
EndProject
Project("{FAE04EC0-301F-11D3-BF4B-00C04F79EFBC}") = "LongestSubstringWithoutRepeatingCharacters_3_Benchmark", "LongestSubstringWithoutRepeatingCharacters_3_Benchmark\LongestSubstringWithoutRepeatingCharacters_3_Benchmark.csproj", "{DA15E0CF-B672-49E7-B22D-D741C8F1382F}"
EndProject
Project("{2150E333-8FDC-42A3-9474-1A3956D46DE8}") = "FloodFill_733", "FloodFill_733", "{DC3109A5-B986-48D8-9FF9-6060F5A96E10}"
EndProject
Project("{FAE04EC0-301F-11D3-BF4B-00C04F79EFBC}") = "FloodFill_733_Solution", "FloodFill_733_Solution\FloodFill_733_Solution.csproj", "{EB6349E2-3F8E-4FE5-90A6-B33D5C295422}"
EndProject
Project("{FAE04EC0-301F-11D3-BF4B-00C04F79EFBC}") = "FloodFill_733_Benchmark", "FloodFill_733_Benchmark\FloodFill_733_Benchmark.csproj", "{A4480916-0B41-4D8C-AC3E-5D4F4A529FFB}"
EndProject
Project("{2150E333-8FDC-42A3-9474-1A3956D46DE8}") = "GroupAnagrams_49", "GroupAnagrams_49", "{C7A617F9-E697-451A-8B4F-31933E3E3113}"
EndProject
Project("{FAE04EC0-301F-11D3-BF4B-00C04F79EFBC}") = "GroupAnagrams_49_Solution", "GroupAnagrams_49_Solution\GroupAnagrams_49_Solution.csproj", "{6BD482D4-20CA-418D-AB95-CD35A78155F5}"
EndProject
Project("{FAE04EC0-301F-11D3-BF4B-00C04F79EFBC}") = "GroupAnagrams_49_Benchmark", "GroupAnagrams_49_Benchmark\GroupAnagrams_49_Benchmark.csproj", "{C44D96AE-A2FD-4BC5-A3DE-8A708F50761C}"
EndProject
Project("{2150E333-8FDC-42A3-9474-1A3956D46DE8}") = "MergeTwoSortedLists_21", "MergeTwoSortedLists_21", "{E00363E7-AD6C-4F5F-9A88-4630BB782F68}"
EndProject
Project("{FAE04EC0-301F-11D3-BF4B-00C04F79EFBC}") = "MergeTwoSortedLists_21_Solution", "MergeTwoSortedLists_21_Solution\MergeTwoSortedLists_21_Solution.csproj", "{CDB944FD-F523-4ECF-95E3-CC89EFD74BDC}"
EndProject
Project("{2150E333-8FDC-42A3-9474-1A3956D46DE8}") = "ClimbingStairs_70", "ClimbingStairs_70", "{073AD050-4EC6-4C21-8CCC-A9EE20A9DEAF}"
EndProject
Project("{FAE04EC0-301F-11D3-BF4B-00C04F79EFBC}") = "ClimbingStairs_70_Solution", "ClimbingStairs_70_Solution\ClimbingStairs_70_Solution.csproj", "{F9A3C4A6-CD77-4414-88EB-21C0A32EFCDF}"
EndProject
Project("{FAE04EC0-301F-11D3-BF4B-00C04F79EFBC}") = "ClimbingStairs_70_Benchmark", "ClimbingStairs_70_Benchmark\ClimbingStairs_70_Benchmark.csproj", "{4CC47D85-AE9B-4352-B130-AEB411615BD1}"
EndProject
Project("{2150E333-8FDC-42A3-9474-1A3956D46DE8}") = "PalindromeNumber_9", "PalindromeNumber_9", "{658E82C8-2247-4B3E-9999-4144B85F61DA}"
EndProject
Project("{FAE04EC0-301F-11D3-BF4B-00C04F79EFBC}") = "PalindromeNumber_9_Solution", "PalindromeNumber_9_Solution\PalindromeNumber_9_Solution.csproj", "{4C3AF321-6D25-4E36-8F74-FD3B6A01BCFD}"
EndProject
Project("{2150E333-8FDC-42A3-9474-1A3956D46DE8}") = "DetermineIfTwoEventsHaveConflict_2446", "DetermineIfTwoEventsHaveConflict_2446", "{C38306FE-7C80-4E17-BF82-163909250C4C}"
EndProject
Project("{FAE04EC0-301F-11D3-BF4B-00C04F79EFBC}") = "DetermineIfTwoEventsHaveConflict_2446_Solution", "DetermineIfTwoEventsHaveConflict_2446_Solution\DetermineIfTwoEventsHaveConflict_2446_Solution.csproj", "{4F79AA08-490F-45EE-AC7D-A58B297EFB7A}"
EndProject
Project("{2150E333-8FDC-42A3-9474-1A3956D46DE8}") = "SameTree_100", "SameTree_100", "{076802BD-ACBD-40A9-AD57-CBBC989610F0}"
EndProject
Project("{FAE04EC0-301F-11D3-BF4B-00C04F79EFBC}") = "SameTree_100_Solution", "SameTree_100\SameTree_100_Solution\SameTree_100_Solution.csproj", "{9DFF3D81-BAFC-42AD-925D-E82A83948FC4}"
EndProject
Project("{FAE04EC0-301F-11D3-BF4B-00C04F79EFBC}") = "PascalTriangle_118_Solution", "PascalTriangle_118_Solution\PascalTriangle_118_Solution.csproj", "{3340852D-1F16-49F8-9AC4-C705C26D559D}"
EndProject
Project("{2150E333-8FDC-42A3-9474-1A3956D46DE8}") = "PascalTriangle_118_Solution", "PascalTriangle_118_Solution", "{3253696A-C944-4A40-87C7-ADD28A9D82EF}"
EndProject
Project("{2150E333-8FDC-42A3-9474-1A3956D46DE8}") = "JewelsAndStones_771", "JewelsAndStones_771", "{AE83C088-BD06-464C-934D-02D569B886EF}"
EndProject
Project("{FAE04EC0-301F-11D3-BF4B-00C04F79EFBC}") = "JewelsAndStones_771", "JewelsAndStones_771\JewelsAndStones_771.csproj", "{05E4BD76-0E21-4E3B-AA16-E5D2A1A7B9FF}"
EndProject
Project("{2150E333-8FDC-42A3-9474-1A3956D46DE8}") = "IntegerToRoman_12", "IntegerToRoman_12", "{176F94D9-8877-403A-8B8B-EEB3781252B6}"
EndProject
Project("{FAE04EC0-301F-11D3-BF4B-00C04F79EFBC}") = "IntegerToRoman_12_Solution", "IntegerToRoman_12_Solution\IntegerToRoman_12_Solution.csproj", "{9F5D71C9-FF86-4263-995E-39F8EDAA093D}"
EndProject
Project("{2150E333-8FDC-42A3-9474-1A3956D46DE8}") = "DivisorGame_1025", "DivisorGame_1025", "{2312E3D2-909F-4908-BB69-04579B831B41}"
EndProject
Project("{FAE04EC0-301F-11D3-BF4B-00C04F79EFBC}") = "DivisorGame_1025_Solution", "DivisorGame_1025_Solution\DivisorGame_1025_Solution.csproj", "{446B0EFB-5B8E-4FF4-BCAA-E2C85450EA5F}"
EndProject
Project("{2150E333-8FDC-42A3-9474-1A3956D46DE8}") = "MaximumDifferenceBetweenNodeAndAncetor_1026", "MaximumDifferenceBetweenNodeAndAncetor_1026", "{585EEA09-77BE-40FE-BF88-906B65464A97}"
EndProject
Project("{FAE04EC0-301F-11D3-BF4B-00C04F79EFBC}") = "MaximumDifferenceBetweenNodeAndAncetor_1026_Solution", "MaximumDifferenceBetweenNodeAndAncetor_1026_Solution\MaximumDifferenceBetweenNodeAndAncetor_1026_Solution.csproj", "{32870BCA-1B98-47C1-A15C-289620C90210}"
EndProject
Project("{2150E333-8FDC-42A3-9474-1A3956D46DE8}") = "MinCostClimbingStairs_746", "MinCostClimbingStairs_746", "{8D2A8958-49E1-4377-BCCD-DE2F392B6F2B}"
EndProject
Project("{FAE04EC0-301F-11D3-BF4B-00C04F79EFBC}") = "MinCostClimbingStairs_746_Solution", "MinCostClimbingStairs_746_Solution\MinCostClimbingStairs_746_Solution.csproj", "{EA907FCD-A492-423E-9443-979E89716010}"
EndProject
Project("{2150E333-8FDC-42A3-9474-1A3956D46DE8}") = "ConvertBinaryNumberInALinkedListToInteger_1290", "ConvertBinaryNumberInALinkedListToInteger_1290", "{0DF8F64F-4249-4211-97F2-820E597C932A}"
EndProject
Project("{FAE04EC0-301F-11D3-BF4B-00C04F79EFBC}") = "ConvertBinaryNumberInALinkedListToInteger_1290_Solution", "ConvertBinaryNumberInALinkedListToInteger_1290_Solution\ConvertBinaryNumberInALinkedListToInteger_1290_Solution.csproj", "{6F7023C8-83B2-44FA-B0CA-DB096EB697F4}"
EndProject
Project("{2150E333-8FDC-42A3-9474-1A3956D46DE8}") = "LinkedListCycle_141", "LinkedListCycle_141", "{7B35DFC9-AA64-441D-B70C-71A905FFECAB}"
EndProject
Project("{FAE04EC0-301F-11D3-BF4B-00C04F79EFBC}") = "LinkedListCycle_141_Solution", "LinkedListCycle_141_Solution\LinkedListCycle_141_Solution.csproj", "{3680EEFA-2751-4646-9795-89AF0767A521}"
EndProject
Project("{2150E333-8FDC-42A3-9474-1A3956D46DE8}") = "NumberOfArithmeticTriplets_2367 ", "NumberOfArithmeticTriplets_2367 ", "{84580C71-FA02-4BBD-B123-A33922DB9856}"
EndProject
Project("{FAE04EC0-301F-11D3-BF4B-00C04F79EFBC}") = "NumberOfArithmeticTriplets_2367_Solution", "NumberOfArithmeticTriplets_2367_Solution\NumberOfArithmeticTriplets_2367_Solution.csproj", "{078BDAA3-855A-4EA8-B904-818B898B9CE1}"
EndProject
Project("{2150E333-8FDC-42A3-9474-1A3956D46DE8}") = "FindACorrespondingNodeOfABinaryTreeInACloneOfThatTree_1379", "FindACorrespondingNodeOfABinaryTreeInACloneOfThatTree_1379", "{49FDE763-09B5-4A4F-946E-998F398A70E0}"
EndProject
Project("{FAE04EC0-301F-11D3-BF4B-00C04F79EFBC}") = "FindACorrespondingNodeOfABinaryTreeInACloneOfThatTree_1379_Solution", "FindACorrespondingNodeOfABinaryTreeInACloneOfThatTree_1379_Solution\FindACorrespondingNodeOfABinaryTreeInACloneOfThatTree_1379_Solution.csproj", "{FFD6CBBA-3503-4477-B6D3-2957F56F5FD1}"
EndProject
Global
	GlobalSection(SolutionConfigurationPlatforms) = preSolution
		Debug|Any CPU = Debug|Any CPU
		Release|Any CPU = Release|Any CPU
	EndGlobalSection
	GlobalSection(ProjectConfigurationPlatforms) = postSolution
		{187F0F30-5E1C-43D1-80BA-9C27D6D93680}.Debug|Any CPU.ActiveCfg = Debug|Any CPU
		{187F0F30-5E1C-43D1-80BA-9C27D6D93680}.Debug|Any CPU.Build.0 = Debug|Any CPU
		{187F0F30-5E1C-43D1-80BA-9C27D6D93680}.Release|Any CPU.ActiveCfg = Release|Any CPU
		{187F0F30-5E1C-43D1-80BA-9C27D6D93680}.Release|Any CPU.Build.0 = Release|Any CPU
		{850CC10A-323F-4AE9-BE53-C9995E734C48}.Debug|Any CPU.ActiveCfg = Debug|Any CPU
		{850CC10A-323F-4AE9-BE53-C9995E734C48}.Debug|Any CPU.Build.0 = Debug|Any CPU
		{850CC10A-323F-4AE9-BE53-C9995E734C48}.Release|Any CPU.ActiveCfg = Release|Any CPU
		{850CC10A-323F-4AE9-BE53-C9995E734C48}.Release|Any CPU.Build.0 = Release|Any CPU
		{2A51FA9F-A12A-4A08-838C-5BE7827A30BE}.Debug|Any CPU.ActiveCfg = Debug|Any CPU
		{2A51FA9F-A12A-4A08-838C-5BE7827A30BE}.Debug|Any CPU.Build.0 = Debug|Any CPU
		{2A51FA9F-A12A-4A08-838C-5BE7827A30BE}.Release|Any CPU.ActiveCfg = Release|Any CPU
		{2A51FA9F-A12A-4A08-838C-5BE7827A30BE}.Release|Any CPU.Build.0 = Release|Any CPU
		{181C29FA-B34B-4C33-BC32-AFFE1341AF2B}.Debug|Any CPU.ActiveCfg = Debug|Any CPU
		{181C29FA-B34B-4C33-BC32-AFFE1341AF2B}.Debug|Any CPU.Build.0 = Debug|Any CPU
		{181C29FA-B34B-4C33-BC32-AFFE1341AF2B}.Release|Any CPU.ActiveCfg = Release|Any CPU
		{181C29FA-B34B-4C33-BC32-AFFE1341AF2B}.Release|Any CPU.Build.0 = Release|Any CPU
		{48D1EF4E-6068-4585-A8CC-5DD5D86EA319}.Debug|Any CPU.ActiveCfg = Debug|Any CPU
		{48D1EF4E-6068-4585-A8CC-5DD5D86EA319}.Debug|Any CPU.Build.0 = Debug|Any CPU
		{48D1EF4E-6068-4585-A8CC-5DD5D86EA319}.Release|Any CPU.ActiveCfg = Release|Any CPU
		{48D1EF4E-6068-4585-A8CC-5DD5D86EA319}.Release|Any CPU.Build.0 = Release|Any CPU
		{AC22DD07-E885-4B2D-9B79-992C2019633C}.Debug|Any CPU.ActiveCfg = Debug|Any CPU
		{AC22DD07-E885-4B2D-9B79-992C2019633C}.Debug|Any CPU.Build.0 = Debug|Any CPU
		{AC22DD07-E885-4B2D-9B79-992C2019633C}.Release|Any CPU.ActiveCfg = Release|Any CPU
		{AC22DD07-E885-4B2D-9B79-992C2019633C}.Release|Any CPU.Build.0 = Release|Any CPU
		{DA15E0CF-B672-49E7-B22D-D741C8F1382F}.Debug|Any CPU.ActiveCfg = Debug|Any CPU
		{DA15E0CF-B672-49E7-B22D-D741C8F1382F}.Debug|Any CPU.Build.0 = Debug|Any CPU
		{DA15E0CF-B672-49E7-B22D-D741C8F1382F}.Release|Any CPU.ActiveCfg = Release|Any CPU
		{DA15E0CF-B672-49E7-B22D-D741C8F1382F}.Release|Any CPU.Build.0 = Release|Any CPU
		{EB6349E2-3F8E-4FE5-90A6-B33D5C295422}.Debug|Any CPU.ActiveCfg = Debug|Any CPU
		{EB6349E2-3F8E-4FE5-90A6-B33D5C295422}.Debug|Any CPU.Build.0 = Debug|Any CPU
		{EB6349E2-3F8E-4FE5-90A6-B33D5C295422}.Release|Any CPU.ActiveCfg = Release|Any CPU
		{EB6349E2-3F8E-4FE5-90A6-B33D5C295422}.Release|Any CPU.Build.0 = Release|Any CPU
		{A4480916-0B41-4D8C-AC3E-5D4F4A529FFB}.Debug|Any CPU.ActiveCfg = Debug|Any CPU
		{A4480916-0B41-4D8C-AC3E-5D4F4A529FFB}.Debug|Any CPU.Build.0 = Debug|Any CPU
		{A4480916-0B41-4D8C-AC3E-5D4F4A529FFB}.Release|Any CPU.ActiveCfg = Release|Any CPU
		{A4480916-0B41-4D8C-AC3E-5D4F4A529FFB}.Release|Any CPU.Build.0 = Release|Any CPU
		{6BD482D4-20CA-418D-AB95-CD35A78155F5}.Debug|Any CPU.ActiveCfg = Debug|Any CPU
		{6BD482D4-20CA-418D-AB95-CD35A78155F5}.Debug|Any CPU.Build.0 = Debug|Any CPU
		{6BD482D4-20CA-418D-AB95-CD35A78155F5}.Release|Any CPU.ActiveCfg = Release|Any CPU
		{6BD482D4-20CA-418D-AB95-CD35A78155F5}.Release|Any CPU.Build.0 = Release|Any CPU
		{C44D96AE-A2FD-4BC5-A3DE-8A708F50761C}.Debug|Any CPU.ActiveCfg = Debug|Any CPU
		{C44D96AE-A2FD-4BC5-A3DE-8A708F50761C}.Debug|Any CPU.Build.0 = Debug|Any CPU
		{C44D96AE-A2FD-4BC5-A3DE-8A708F50761C}.Release|Any CPU.ActiveCfg = Release|Any CPU
		{C44D96AE-A2FD-4BC5-A3DE-8A708F50761C}.Release|Any CPU.Build.0 = Release|Any CPU
		{CDB944FD-F523-4ECF-95E3-CC89EFD74BDC}.Debug|Any CPU.ActiveCfg = Debug|Any CPU
		{CDB944FD-F523-4ECF-95E3-CC89EFD74BDC}.Debug|Any CPU.Build.0 = Debug|Any CPU
		{CDB944FD-F523-4ECF-95E3-CC89EFD74BDC}.Release|Any CPU.ActiveCfg = Release|Any CPU
		{CDB944FD-F523-4ECF-95E3-CC89EFD74BDC}.Release|Any CPU.Build.0 = Release|Any CPU
		{F9A3C4A6-CD77-4414-88EB-21C0A32EFCDF}.Debug|Any CPU.ActiveCfg = Debug|Any CPU
		{F9A3C4A6-CD77-4414-88EB-21C0A32EFCDF}.Debug|Any CPU.Build.0 = Debug|Any CPU
		{F9A3C4A6-CD77-4414-88EB-21C0A32EFCDF}.Release|Any CPU.ActiveCfg = Release|Any CPU
		{F9A3C4A6-CD77-4414-88EB-21C0A32EFCDF}.Release|Any CPU.Build.0 = Release|Any CPU
		{4CC47D85-AE9B-4352-B130-AEB411615BD1}.Debug|Any CPU.ActiveCfg = Debug|Any CPU
		{4CC47D85-AE9B-4352-B130-AEB411615BD1}.Debug|Any CPU.Build.0 = Debug|Any CPU
		{4CC47D85-AE9B-4352-B130-AEB411615BD1}.Release|Any CPU.ActiveCfg = Release|Any CPU
		{4CC47D85-AE9B-4352-B130-AEB411615BD1}.Release|Any CPU.Build.0 = Release|Any CPU
		{4C3AF321-6D25-4E36-8F74-FD3B6A01BCFD}.Debug|Any CPU.ActiveCfg = Debug|Any CPU
		{4C3AF321-6D25-4E36-8F74-FD3B6A01BCFD}.Debug|Any CPU.Build.0 = Debug|Any CPU
		{4C3AF321-6D25-4E36-8F74-FD3B6A01BCFD}.Release|Any CPU.ActiveCfg = Release|Any CPU
		{4C3AF321-6D25-4E36-8F74-FD3B6A01BCFD}.Release|Any CPU.Build.0 = Release|Any CPU
		{4F79AA08-490F-45EE-AC7D-A58B297EFB7A}.Debug|Any CPU.ActiveCfg = Debug|Any CPU
		{4F79AA08-490F-45EE-AC7D-A58B297EFB7A}.Debug|Any CPU.Build.0 = Debug|Any CPU
		{4F79AA08-490F-45EE-AC7D-A58B297EFB7A}.Release|Any CPU.ActiveCfg = Release|Any CPU
		{4F79AA08-490F-45EE-AC7D-A58B297EFB7A}.Release|Any CPU.Build.0 = Release|Any CPU
		{3875B873-5CFA-4A69-90C0-4EEB4E0AEC6B}.Debug|Any CPU.ActiveCfg = Debug|Any CPU
		{3875B873-5CFA-4A69-90C0-4EEB4E0AEC6B}.Debug|Any CPU.Build.0 = Debug|Any CPU
		{3875B873-5CFA-4A69-90C0-4EEB4E0AEC6B}.Release|Any CPU.ActiveCfg = Release|Any CPU
		{3875B873-5CFA-4A69-90C0-4EEB4E0AEC6B}.Release|Any CPU.Build.0 = Release|Any CPU
		{9DFF3D81-BAFC-42AD-925D-E82A83948FC4}.Debug|Any CPU.ActiveCfg = Debug|Any CPU
		{9DFF3D81-BAFC-42AD-925D-E82A83948FC4}.Debug|Any CPU.Build.0 = Debug|Any CPU
		{9DFF3D81-BAFC-42AD-925D-E82A83948FC4}.Release|Any CPU.ActiveCfg = Release|Any CPU
		{9DFF3D81-BAFC-42AD-925D-E82A83948FC4}.Release|Any CPU.Build.0 = Release|Any CPU
		{3340852D-1F16-49F8-9AC4-C705C26D559D}.Debug|Any CPU.ActiveCfg = Debug|Any CPU
		{3340852D-1F16-49F8-9AC4-C705C26D559D}.Debug|Any CPU.Build.0 = Debug|Any CPU
		{3340852D-1F16-49F8-9AC4-C705C26D559D}.Release|Any CPU.ActiveCfg = Release|Any CPU
		{3340852D-1F16-49F8-9AC4-C705C26D559D}.Release|Any CPU.Build.0 = Release|Any CPU
		{05E4BD76-0E21-4E3B-AA16-E5D2A1A7B9FF}.Debug|Any CPU.ActiveCfg = Debug|Any CPU
		{05E4BD76-0E21-4E3B-AA16-E5D2A1A7B9FF}.Debug|Any CPU.Build.0 = Debug|Any CPU
		{05E4BD76-0E21-4E3B-AA16-E5D2A1A7B9FF}.Release|Any CPU.ActiveCfg = Release|Any CPU
		{05E4BD76-0E21-4E3B-AA16-E5D2A1A7B9FF}.Release|Any CPU.Build.0 = Release|Any CPU
		{9F5D71C9-FF86-4263-995E-39F8EDAA093D}.Debug|Any CPU.ActiveCfg = Debug|Any CPU
		{9F5D71C9-FF86-4263-995E-39F8EDAA093D}.Debug|Any CPU.Build.0 = Debug|Any CPU
		{9F5D71C9-FF86-4263-995E-39F8EDAA093D}.Release|Any CPU.ActiveCfg = Release|Any CPU
		{9F5D71C9-FF86-4263-995E-39F8EDAA093D}.Release|Any CPU.Build.0 = Release|Any CPU
		{446B0EFB-5B8E-4FF4-BCAA-E2C85450EA5F}.Debug|Any CPU.ActiveCfg = Debug|Any CPU
		{446B0EFB-5B8E-4FF4-BCAA-E2C85450EA5F}.Debug|Any CPU.Build.0 = Debug|Any CPU
		{446B0EFB-5B8E-4FF4-BCAA-E2C85450EA5F}.Release|Any CPU.ActiveCfg = Release|Any CPU
		{446B0EFB-5B8E-4FF4-BCAA-E2C85450EA5F}.Release|Any CPU.Build.0 = Release|Any CPU
		{32870BCA-1B98-47C1-A15C-289620C90210}.Debug|Any CPU.ActiveCfg = Debug|Any CPU
		{32870BCA-1B98-47C1-A15C-289620C90210}.Debug|Any CPU.Build.0 = Debug|Any CPU
		{32870BCA-1B98-47C1-A15C-289620C90210}.Release|Any CPU.ActiveCfg = Release|Any CPU
		{32870BCA-1B98-47C1-A15C-289620C90210}.Release|Any CPU.Build.0 = Release|Any CPU
		{EA907FCD-A492-423E-9443-979E89716010}.Debug|Any CPU.ActiveCfg = Debug|Any CPU
		{EA907FCD-A492-423E-9443-979E89716010}.Debug|Any CPU.Build.0 = Debug|Any CPU
		{EA907FCD-A492-423E-9443-979E89716010}.Release|Any CPU.ActiveCfg = Release|Any CPU
		{EA907FCD-A492-423E-9443-979E89716010}.Release|Any CPU.Build.0 = Release|Any CPU
		{6F7023C8-83B2-44FA-B0CA-DB096EB697F4}.Debug|Any CPU.ActiveCfg = Debug|Any CPU
		{6F7023C8-83B2-44FA-B0CA-DB096EB697F4}.Debug|Any CPU.Build.0 = Debug|Any CPU
		{6F7023C8-83B2-44FA-B0CA-DB096EB697F4}.Release|Any CPU.ActiveCfg = Release|Any CPU
		{6F7023C8-83B2-44FA-B0CA-DB096EB697F4}.Release|Any CPU.Build.0 = Release|Any CPU
		{3680EEFA-2751-4646-9795-89AF0767A521}.Debug|Any CPU.ActiveCfg = Debug|Any CPU
		{3680EEFA-2751-4646-9795-89AF0767A521}.Debug|Any CPU.Build.0 = Debug|Any CPU
		{3680EEFA-2751-4646-9795-89AF0767A521}.Release|Any CPU.ActiveCfg = Release|Any CPU
		{3680EEFA-2751-4646-9795-89AF0767A521}.Release|Any CPU.Build.0 = Release|Any CPU
		{078BDAA3-855A-4EA8-B904-818B898B9CE1}.Debug|Any CPU.ActiveCfg = Debug|Any CPU
		{078BDAA3-855A-4EA8-B904-818B898B9CE1}.Debug|Any CPU.Build.0 = Debug|Any CPU
		{078BDAA3-855A-4EA8-B904-818B898B9CE1}.Release|Any CPU.ActiveCfg = Release|Any CPU
		{078BDAA3-855A-4EA8-B904-818B898B9CE1}.Release|Any CPU.Build.0 = Release|Any CPU
		{FFD6CBBA-3503-4477-B6D3-2957F56F5FD1}.Debug|Any CPU.ActiveCfg = Debug|Any CPU
		{FFD6CBBA-3503-4477-B6D3-2957F56F5FD1}.Debug|Any CPU.Build.0 = Debug|Any CPU
		{FFD6CBBA-3503-4477-B6D3-2957F56F5FD1}.Release|Any CPU.ActiveCfg = Release|Any CPU
		{FFD6CBBA-3503-4477-B6D3-2957F56F5FD1}.Release|Any CPU.Build.0 = Release|Any CPU
	EndGlobalSection
	GlobalSection(NestedProjects) = preSolution
		{187F0F30-5E1C-43D1-80BA-9C27D6D93680} = {FAD51B0A-B936-4F76-9C48-506DE7CC7062}
		{850CC10A-323F-4AE9-BE53-C9995E734C48} = {FAD51B0A-B936-4F76-9C48-506DE7CC7062}
		{2A51FA9F-A12A-4A08-838C-5BE7827A30BE} = {717A663A-A4FA-49ED-915F-781DADBF3E4A}
		{181C29FA-B34B-4C33-BC32-AFFE1341AF2B} = {717A663A-A4FA-49ED-915F-781DADBF3E4A}
		{48D1EF4E-6068-4585-A8CC-5DD5D86EA319} = {698C0EA2-4CA7-44CC-AB33-B5A456CF0BE4}
		{AC22DD07-E885-4B2D-9B79-992C2019633C} = {2186DC7D-753B-426A-87E5-A9AFBC95E1CD}
		{DA15E0CF-B672-49E7-B22D-D741C8F1382F} = {2186DC7D-753B-426A-87E5-A9AFBC95E1CD}
		{EB6349E2-3F8E-4FE5-90A6-B33D5C295422} = {DC3109A5-B986-48D8-9FF9-6060F5A96E10}
		{A4480916-0B41-4D8C-AC3E-5D4F4A529FFB} = {DC3109A5-B986-48D8-9FF9-6060F5A96E10}
		{6BD482D4-20CA-418D-AB95-CD35A78155F5} = {C7A617F9-E697-451A-8B4F-31933E3E3113}
		{C44D96AE-A2FD-4BC5-A3DE-8A708F50761C} = {C7A617F9-E697-451A-8B4F-31933E3E3113}
		{CDB944FD-F523-4ECF-95E3-CC89EFD74BDC} = {E00363E7-AD6C-4F5F-9A88-4630BB782F68}
		{F9A3C4A6-CD77-4414-88EB-21C0A32EFCDF} = {073AD050-4EC6-4C21-8CCC-A9EE20A9DEAF}
		{4CC47D85-AE9B-4352-B130-AEB411615BD1} = {073AD050-4EC6-4C21-8CCC-A9EE20A9DEAF}
		{4C3AF321-6D25-4E36-8F74-FD3B6A01BCFD} = {658E82C8-2247-4B3E-9999-4144B85F61DA}
		{4F79AA08-490F-45EE-AC7D-A58B297EFB7A} = {C38306FE-7C80-4E17-BF82-163909250C4C}
		{9DFF3D81-BAFC-42AD-925D-E82A83948FC4} = {076802BD-ACBD-40A9-AD57-CBBC989610F0}
		{3340852D-1F16-49F8-9AC4-C705C26D559D} = {3253696A-C944-4A40-87C7-ADD28A9D82EF}
		{05E4BD76-0E21-4E3B-AA16-E5D2A1A7B9FF} = {AE83C088-BD06-464C-934D-02D569B886EF}
		{9F5D71C9-FF86-4263-995E-39F8EDAA093D} = {176F94D9-8877-403A-8B8B-EEB3781252B6}
		{446B0EFB-5B8E-4FF4-BCAA-E2C85450EA5F} = {2312E3D2-909F-4908-BB69-04579B831B41}
		{32870BCA-1B98-47C1-A15C-289620C90210} = {585EEA09-77BE-40FE-BF88-906B65464A97}
		{EA907FCD-A492-423E-9443-979E89716010} = {8D2A8958-49E1-4377-BCCD-DE2F392B6F2B}
		{6F7023C8-83B2-44FA-B0CA-DB096EB697F4} = {0DF8F64F-4249-4211-97F2-820E597C932A}
		{3680EEFA-2751-4646-9795-89AF0767A521} = {7B35DFC9-AA64-441D-B70C-71A905FFECAB}
		{078BDAA3-855A-4EA8-B904-818B898B9CE1} = {84580C71-FA02-4BBD-B123-A33922DB9856}
		{FFD6CBBA-3503-4477-B6D3-2957F56F5FD1} = {49FDE763-09B5-4A4F-946E-998F398A70E0}
	EndGlobalSection
EndGlobal
